// !$*UTF8*$!
{
	archiveVersion = 1;
	classes = {
	};
	objectVersion = 48;
	objects = {

/* Begin PBXBuildFile section */
		12105301204B3E260086BC9D /* payload.swift in Sources */ = {isa = PBXBuildFile; fileRef = 12105300204B3E260086BC9D /* payload.swift */; };
		12105303204C9CAC0086BC9D /* GarageCreds.swift in Sources */ = {isa = PBXBuildFile; fileRef = 12105302204C9CAC0086BC9D /* GarageCreds.swift */; };
		125B5102203E2D650035C4EA /* AppDelegate.swift in Sources */ = {isa = PBXBuildFile; fileRef = 125B5101203E2D650035C4EA /* AppDelegate.swift */; };
		125B5104203E2D650035C4EA /* ViewController.swift in Sources */ = {isa = PBXBuildFile; fileRef = 125B5103203E2D650035C4EA /* ViewController.swift */; };
		125B5107203E2D650035C4EA /* Main.storyboard in Resources */ = {isa = PBXBuildFile; fileRef = 125B5105203E2D650035C4EA /* Main.storyboard */; };
		125B5109203E2D650035C4EA /* Assets.xcassets in Resources */ = {isa = PBXBuildFile; fileRef = 125B5108203E2D650035C4EA /* Assets.xcassets */; };
		125B510C203E2D650035C4EA /* LaunchScreen.storyboard in Resources */ = {isa = PBXBuildFile; fileRef = 125B510A203E2D650035C4EA /* LaunchScreen.storyboard */; };
		DF947C2B5797CCB0859EB2AF /* Pods_garage.framework in Frameworks */ = {isa = PBXBuildFile; fileRef = C81A84838913089B5ABB157C /* Pods_garage.framework */; };
/* End PBXBuildFile section */

/* Begin PBXFileReference section */
		12105300204B3E260086BC9D /* payload.swift */ = {isa = PBXFileReference; lastKnownFileType = sourcecode.swift; path = payload.swift; sourceTree = "<group>"; };
		12105302204C9CAC0086BC9D /* GarageCreds.swift */ = {isa = PBXFileReference; lastKnownFileType = sourcecode.swift; path = GarageCreds.swift; sourceTree = "<group>"; };
		12538E4C20477084007792C3 /* JWT.framework */ = {isa = PBXFileReference; lastKnownFileType = wrapper.framework; name = JWT.framework; path = ../../JWT.framework; sourceTree = "<group>"; };
		125B50FE203E2D650035C4EA /* garage.app */ = {isa = PBXFileReference; explicitFileType = wrapper.application; includeInIndex = 0; path = garage.app; sourceTree = BUILT_PRODUCTS_DIR; };
		125B5101203E2D650035C4EA /* AppDelegate.swift */ = {isa = PBXFileReference; lastKnownFileType = sourcecode.swift; path = AppDelegate.swift; sourceTree = "<group>"; };
		125B5103203E2D650035C4EA /* ViewController.swift */ = {isa = PBXFileReference; lastKnownFileType = sourcecode.swift; path = ViewController.swift; sourceTree = "<group>"; };
		125B5106203E2D650035C4EA /* Base */ = {isa = PBXFileReference; lastKnownFileType = file.storyboard; name = Base; path = Base.lproj/Main.storyboard; sourceTree = "<group>"; };
		125B5108203E2D650035C4EA /* Assets.xcassets */ = {isa = PBXFileReference; lastKnownFileType = folder.assetcatalog; path = Assets.xcassets; sourceTree = "<group>"; };
		125B510B203E2D650035C4EA /* Base */ = {isa = PBXFileReference; lastKnownFileType = file.storyboard; name = Base; path = Base.lproj/LaunchScreen.storyboard; sourceTree = "<group>"; };
		125B510D203E2D650035C4EA /* Info.plist */ = {isa = PBXFileReference; lastKnownFileType = text.plist.xml; path = Info.plist; sourceTree = "<group>"; };
		A37E95CEA22AC25229B8874C /* Pods-garage.release.xcconfig */ = {isa = PBXFileReference; includeInIndex = 1; lastKnownFileType = text.xcconfig; name = "Pods-garage.release.xcconfig"; path = "Pods/Target Support Files/Pods-garage/Pods-garage.release.xcconfig"; sourceTree = "<group>"; };
		C81A84838913089B5ABB157C /* Pods_garage.framework */ = {isa = PBXFileReference; explicitFileType = wrapper.framework; includeInIndex = 0; path = Pods_garage.framework; sourceTree = BUILT_PRODUCTS_DIR; };
		DE6AD33837F53724C04B01A3 /* Pods-garage.debug.xcconfig */ = {isa = PBXFileReference; includeInIndex = 1; lastKnownFileType = text.xcconfig; name = "Pods-garage.debug.xcconfig"; path = "Pods/Target Support Files/Pods-garage/Pods-garage.debug.xcconfig"; sourceTree = "<group>"; };
/* End PBXFileReference section */

/* Begin PBXFrameworksBuildPhase section */
		125B50FB203E2D640035C4EA /* Frameworks */ = {
			isa = PBXFrameworksBuildPhase;
			buildActionMask = 2147483647;
			files = (
				DF947C2B5797CCB0859EB2AF /* Pods_garage.framework in Frameworks */,
			);
			runOnlyForDeploymentPostprocessing = 0;
		};
/* End PBXFrameworksBuildPhase section */

/* Begin PBXGroup section */
		121A97D72045015A00566470 /* Frameworks */ = {
			isa = PBXGroup;
			children = (
				12538E4C20477084007792C3 /* JWT.framework */,
				C81A84838913089B5ABB157C /* Pods_garage.framework */,
			);
			name = Frameworks;
			sourceTree = "<group>";
		};
		125B50F5203E2D640035C4EA = {
			isa = PBXGroup;
			children = (
				125B5100203E2D650035C4EA /* garage */,
				125B50FF203E2D650035C4EA /* Products */,
				121A97D72045015A00566470 /* Frameworks */,
				4AFF774A8F2242B7CBF64162 /* Pods */,
			);
			sourceTree = "<group>";
		};
		125B50FF203E2D650035C4EA /* Products */ = {
			isa = PBXGroup;
			children = (
				125B50FE203E2D650035C4EA /* garage.app */,
			);
			name = Products;
			sourceTree = "<group>";
		};
		125B5100203E2D650035C4EA /* garage */ = {
			isa = PBXGroup;
			children = (
				12105300204B3E260086BC9D /* payload.swift */,
				12105302204C9CAC0086BC9D /* GarageCreds.swift */,
				125B5101203E2D650035C4EA /* AppDelegate.swift */,
				125B5103203E2D650035C4EA /* ViewController.swift */,
				125B5105203E2D650035C4EA /* Main.storyboard */,
				125B5108203E2D650035C4EA /* Assets.xcassets */,
				125B510A203E2D650035C4EA /* LaunchScreen.storyboard */,
				125B510D203E2D650035C4EA /* Info.plist */,
			);
			path = garage;
			sourceTree = "<group>";
		};
		4AFF774A8F2242B7CBF64162 /* Pods */ = {
			isa = PBXGroup;
			children = (
				DE6AD33837F53724C04B01A3 /* Pods-garage.debug.xcconfig */,
				A37E95CEA22AC25229B8874C /* Pods-garage.release.xcconfig */,
			);
			name = Pods;
			sourceTree = "<group>";
		};
/* End PBXGroup section */

/* Begin PBXNativeTarget section */
		125B50FD203E2D640035C4EA /* garage */ = {
			isa = PBXNativeTarget;
			buildConfigurationList = 125B5110203E2D650035C4EA /* Build configuration list for PBXNativeTarget "garage" */;
			buildPhases = (
				D8B23A09736C62CBC17A76BD /* [CP] Check Pods Manifest.lock */,
				125B50FA203E2D640035C4EA /* Sources */,
				125B50FB203E2D640035C4EA /* Frameworks */,
				125B50FC203E2D640035C4EA /* Resources */,
				740EA49341EA8C556AADE3AE /* [CP] Embed Pods Frameworks */,
				A095CCB6E02C53914E909C5D /* [CP] Copy Pods Resources */,
			);
			buildRules = (
			);
			dependencies = (
			);
			name = garage;
			productName = garage;
			productReference = 125B50FE203E2D650035C4EA /* garage.app */;
			productType = "com.apple.product-type.application";
		};
/* End PBXNativeTarget section */

/* Begin PBXProject section */
		125B50F6203E2D640035C4EA /* Project object */ = {
			isa = PBXProject;
			attributes = {
				LastSwiftUpdateCheck = 0920;
				LastUpgradeCheck = 0920;
				ORGANIZATIONNAME = "John Erhardt";
				TargetAttributes = {
					125B50FD203E2D640035C4EA = {
						CreatedOnToolsVersion = 9.2;
						ProvisioningStyle = Automatic;
					};
				};
			};
			buildConfigurationList = 125B50F9203E2D640035C4EA /* Build configuration list for PBXProject "garage" */;
			compatibilityVersion = "Xcode 8.0";
			developmentRegion = en;
			hasScannedForEncodings = 0;
			knownRegions = (
				en,
				Base,
			);
			mainGroup = 125B50F5203E2D640035C4EA;
			productRefGroup = 125B50FF203E2D650035C4EA /* Products */;
			projectDirPath = "";
			projectRoot = "";
			targets = (
				125B50FD203E2D640035C4EA /* garage */,
			);
		};
/* End PBXProject section */

/* Begin PBXResourcesBuildPhase section */
		125B50FC203E2D640035C4EA /* Resources */ = {
			isa = PBXResourcesBuildPhase;
			buildActionMask = 2147483647;
			files = (
				125B510C203E2D650035C4EA /* LaunchScreen.storyboard in Resources */,
				125B5109203E2D650035C4EA /* Assets.xcassets in Resources */,
				125B5107203E2D650035C4EA /* Main.storyboard in Resources */,
			);
			runOnlyForDeploymentPostprocessing = 0;
		};
/* End PBXResourcesBuildPhase section */

/* Begin PBXShellScriptBuildPhase section */
		740EA49341EA8C556AADE3AE /* [CP] Embed Pods Frameworks */ = {
			isa = PBXShellScriptBuildPhase;
			buildActionMask = 2147483647;
			files = (
			);
			inputPaths = (
				"${SRCROOT}/Pods/Target Support Files/Pods-garage/Pods-garage-frameworks.sh",
				"${BUILT_PRODUCTS_DIR}/Bits/Bits.framework",
				"${BUILT_PRODUCTS_DIR}/Core/Core.framework",
				"${BUILT_PRODUCTS_DIR}/Debugging/Debugging.framework",
				"${BUILT_PRODUCTS_DIR}/JSONCocoapods/JSONCocoapods.framework",
				"${BUILT_PRODUCTS_DIR}/JWTCocoapods/JWTCocoapods.framework",
				"${BUILT_PRODUCTS_DIR}/NodeCocoapods/NodeCocoapods.framework",
			);
			name = "[CP] Embed Pods Frameworks";
			outputPaths = (
				"${TARGET_BUILD_DIR}/${FRAMEWORKS_FOLDER_PATH}/Bits.framework",
				"${TARGET_BUILD_DIR}/${FRAMEWORKS_FOLDER_PATH}/Core.framework",
				"${TARGET_BUILD_DIR}/${FRAMEWORKS_FOLDER_PATH}/Debugging.framework",
				"${TARGET_BUILD_DIR}/${FRAMEWORKS_FOLDER_PATH}/JSONCocoapods.framework",
				"${TARGET_BUILD_DIR}/${FRAMEWORKS_FOLDER_PATH}/JWTCocoapods.framework",
				"${TARGET_BUILD_DIR}/${FRAMEWORKS_FOLDER_PATH}/NodeCocoapods.framework",
			);
			runOnlyForDeploymentPostprocessing = 0;
			shellPath = /bin/sh;
			shellScript = "\"${SRCROOT}/Pods/Target Support Files/Pods-garage/Pods-garage-frameworks.sh\"\n";
			showEnvVarsInLog = 0;
		};
		A095CCB6E02C53914E909C5D /* [CP] Copy Pods Resources */ = {
			isa = PBXShellScriptBuildPhase;
			buildActionMask = 2147483647;
			files = (
			);
			inputPaths = (
			);
			name = "[CP] Copy Pods Resources";
			outputPaths = (
			);
			runOnlyForDeploymentPostprocessing = 0;
			shellPath = /bin/sh;
			shellScript = "\"${SRCROOT}/Pods/Target Support Files/Pods-garage/Pods-garage-resources.sh\"\n";
			showEnvVarsInLog = 0;
		};
		D8B23A09736C62CBC17A76BD /* [CP] Check Pods Manifest.lock */ = {
			isa = PBXShellScriptBuildPhase;
			buildActionMask = 2147483647;
			files = (
			);
			inputPaths = (
				"${PODS_PODFILE_DIR_PATH}/Podfile.lock",
				"${PODS_ROOT}/Manifest.lock",
			);
			name = "[CP] Check Pods Manifest.lock";
			outputPaths = (
				"$(DERIVED_FILE_DIR)/Pods-garage-checkManifestLockResult.txt",
			);
			runOnlyForDeploymentPostprocessing = 0;
			shellPath = /bin/sh;
			shellScript = "diff \"${PODS_PODFILE_DIR_PATH}/Podfile.lock\" \"${PODS_ROOT}/Manifest.lock\" > /dev/null\nif [ $? != 0 ] ; then\n    # print error to STDERR\n    echo \"error: The sandbox is not in sync with the Podfile.lock. Run 'pod install' or update your CocoaPods installation.\" >&2\n    exit 1\nfi\n# This output is used by Xcode 'outputs' to avoid re-running this script phase.\necho \"SUCCESS\" > \"${SCRIPT_OUTPUT_FILE_0}\"\n";
			showEnvVarsInLog = 0;
		};
/* End PBXShellScriptBuildPhase section */

/* Begin PBXSourcesBuildPhase section */
		125B50FA203E2D640035C4EA /* Sources */ = {
			isa = PBXSourcesBuildPhase;
			buildActionMask = 2147483647;
			files = (
				12105303204C9CAC0086BC9D /* GarageCreds.swift in Sources */,
				125B5104203E2D650035C4EA /* ViewController.swift in Sources */,
				12105301204B3E260086BC9D /* payload.swift in Sources */,
				125B5102203E2D650035C4EA /* AppDelegate.swift in Sources */,
			);
			runOnlyForDeploymentPostprocessing = 0;
		};
/* End PBXSourcesBuildPhase section */

/* Begin PBXVariantGroup section */
		125B5105203E2D650035C4EA /* Main.storyboard */ = {
			isa = PBXVariantGroup;
			children = (
				125B5106203E2D650035C4EA /* Base */,
			);
			name = Main.storyboard;
			sourceTree = "<group>";
		};
		125B510A203E2D650035C4EA /* LaunchScreen.storyboard */ = {
			isa = PBXVariantGroup;
			children = (
				125B510B203E2D650035C4EA /* Base */,
			);
			name = LaunchScreen.storyboard;
			sourceTree = "<group>";
		};
/* End PBXVariantGroup section */

/* Begin XCBuildConfiguration section */
		125B510E203E2D650035C4EA /* Debug */ = {
			isa = XCBuildConfiguration;
			buildSettings = {
				ALWAYS_SEARCH_USER_PATHS = NO;
				CLANG_ANALYZER_NONNULL = YES;
				CLANG_ANALYZER_NUMBER_OBJECT_CONVERSION = YES_AGGRESSIVE;
				CLANG_CXX_LANGUAGE_STANDARD = "gnu++14";
				CLANG_CXX_LIBRARY = "libc++";
				CLANG_ENABLE_MODULES = YES;
				CLANG_ENABLE_OBJC_ARC = YES;
				CLANG_WARN_BLOCK_CAPTURE_AUTORELEASING = YES;
				CLANG_WARN_BOOL_CONVERSION = YES;
				CLANG_WARN_COMMA = YES;
				CLANG_WARN_CONSTANT_CONVERSION = YES;
				CLANG_WARN_DIRECT_OBJC_ISA_USAGE = YES_ERROR;
				CLANG_WARN_DOCUMENTATION_COMMENTS = YES;
				CLANG_WARN_EMPTY_BODY = YES;
				CLANG_WARN_ENUM_CONVERSION = YES;
				CLANG_WARN_INFINITE_RECURSION = YES;
				CLANG_WARN_INT_CONVERSION = YES;
				CLANG_WARN_NON_LITERAL_NULL_CONVERSION = YES;
				CLANG_WARN_OBJC_LITERAL_CONVERSION = YES;
				CLANG_WARN_OBJC_ROOT_CLASS = YES_ERROR;
				CLANG_WARN_RANGE_LOOP_ANALYSIS = YES;
				CLANG_WARN_STRICT_PROTOTYPES = YES;
				CLANG_WARN_SUSPICIOUS_MOVE = YES;
				CLANG_WARN_UNGUARDED_AVAILABILITY = YES_AGGRESSIVE;
				CLANG_WARN_UNREACHABLE_CODE = YES;
				CLANG_WARN__DUPLICATE_METHOD_MATCH = YES;
				CODE_SIGN_IDENTITY = "iPhone Developer";
				COPY_PHASE_STRIP = NO;
				DEBUG_INFORMATION_FORMAT = dwarf;
				ENABLE_STRICT_OBJC_MSGSEND = YES;
				ENABLE_TESTABILITY = YES;
				GCC_C_LANGUAGE_STANDARD = gnu11;
				GCC_DYNAMIC_NO_PIC = NO;
				GCC_NO_COMMON_BLOCKS = YES;
				GCC_OPTIMIZATION_LEVEL = 0;
				GCC_PREPROCESSOR_DEFINITIONS = (
					"DEBUG=1",
					"$(inherited)",
				);
				GCC_WARN_64_TO_32_BIT_CONVERSION = YES;
				GCC_WARN_ABOUT_RETURN_TYPE = YES_ERROR;
				GCC_WARN_UNDECLARED_SELECTOR = YES;
				GCC_WARN_UNINITIALIZED_AUTOS = YES_AGGRESSIVE;
				GCC_WARN_UNUSED_FUNCTION = YES;
				GCC_WARN_UNUSED_VARIABLE = YES;
				IPHONEOS_DEPLOYMENT_TARGET = 11.2;
				MTL_ENABLE_DEBUG_INFO = YES;
				ONLY_ACTIVE_ARCH = YES;
				SDKROOT = iphoneos;
				SWIFT_ACTIVE_COMPILATION_CONDITIONS = DEBUG;
				SWIFT_OPTIMIZATION_LEVEL = "-Onone";
			};
			name = Debug;
		};
		125B510F203E2D650035C4EA /* Release */ = {
			isa = XCBuildConfiguration;
			buildSettings = {
				ALWAYS_SEARCH_USER_PATHS = NO;
				CLANG_ANALYZER_NONNULL = YES;
				CLANG_ANALYZER_NUMBER_OBJECT_CONVERSION = YES_AGGRESSIVE;
				CLANG_CXX_LANGUAGE_STANDARD = "gnu++14";
				CLANG_CXX_LIBRARY = "libc++";
				CLANG_ENABLE_MODULES = YES;
				CLANG_ENABLE_OBJC_ARC = YES;
				CLANG_WARN_BLOCK_CAPTURE_AUTORELEASING = YES;
				CLANG_WARN_BOOL_CONVERSION = YES;
				CLANG_WARN_COMMA = YES;
				CLANG_WARN_CONSTANT_CONVERSION = YES;
				CLANG_WARN_DIRECT_OBJC_ISA_USAGE = YES_ERROR;
				CLANG_WARN_DOCUMENTATION_COMMENTS = YES;
				CLANG_WARN_EMPTY_BODY = YES;
				CLANG_WARN_ENUM_CONVERSION = YES;
				CLANG_WARN_INFINITE_RECURSION = YES;
				CLANG_WARN_INT_CONVERSION = YES;
				CLANG_WARN_NON_LITERAL_NULL_CONVERSION = YES;
				CLANG_WARN_OBJC_LITERAL_CONVERSION = YES;
				CLANG_WARN_OBJC_ROOT_CLASS = YES_ERROR;
				CLANG_WARN_RANGE_LOOP_ANALYSIS = YES;
				CLANG_WARN_STRICT_PROTOTYPES = YES;
				CLANG_WARN_SUSPICIOUS_MOVE = YES;
				CLANG_WARN_UNGUARDED_AVAILABILITY = YES_AGGRESSIVE;
				CLANG_WARN_UNREACHABLE_CODE = YES;
				CLANG_WARN__DUPLICATE_METHOD_MATCH = YES;
				CODE_SIGN_IDENTITY = "iPhone Developer";
				COPY_PHASE_STRIP = NO;
				DEBUG_INFORMATION_FORMAT = "dwarf-with-dsym";
				ENABLE_NS_ASSERTIONS = NO;
				ENABLE_STRICT_OBJC_MSGSEND = YES;
				GCC_C_LANGUAGE_STANDARD = gnu11;
				GCC_NO_COMMON_BLOCKS = YES;
				GCC_WARN_64_TO_32_BIT_CONVERSION = YES;
				GCC_WARN_ABOUT_RETURN_TYPE = YES_ERROR;
				GCC_WARN_UNDECLARED_SELECTOR = YES;
				GCC_WARN_UNINITIALIZED_AUTOS = YES_AGGRESSIVE;
				GCC_WARN_UNUSED_FUNCTION = YES;
				GCC_WARN_UNUSED_VARIABLE = YES;
				IPHONEOS_DEPLOYMENT_TARGET = 11.2;
				MTL_ENABLE_DEBUG_INFO = NO;
				SDKROOT = iphoneos;
				SWIFT_OPTIMIZATION_LEVEL = "-Owholemodule";
				VALIDATE_PRODUCT = YES;
			};
			name = Release;
		};
		125B5111203E2D650035C4EA /* Debug */ = {
			isa = XCBuildConfiguration;
			baseConfigurationReference = DE6AD33837F53724C04B01A3 /* Pods-garage.debug.xcconfig */;
			buildSettings = {
				ALWAYS_SEARCH_USER_PATHS = NO;
				ASSETCATALOG_COMPILER_APPICON_NAME = AppIcon;
				CODE_SIGN_STYLE = Automatic;
				DEFINES_MODULE = YES;
				FRAMEWORK_SEARCH_PATHS = (
					"$(PROJECT_DIR)/**",
					"$(PROJECT_DIR)",
					"$(inherited)",
				);
				HEADER_SEARCH_PATHS = (
					"~/Projects/JWT.framework/Headers",
					"~/Projects/JSON.framework/Headers",
				);
				INFOPLIST_FILE = garage/Info.plist;
				LD_RUNPATH_SEARCH_PATHS = "$(inherited) @executable_path/Frameworks";
				LIBRARY_SEARCH_PATHS = "";
				PRODUCT_BUNDLE_IDENTIFIER = Bloggityblogblog.garage;
				PRODUCT_NAME = "$(TARGET_NAME)";
				SWIFT_VERSION = 4.0;
				TARGETED_DEVICE_FAMILY = "1,2";
			};
			name = Debug;
		};
		125B5112203E2D650035C4EA /* Release */ = {
			isa = XCBuildConfiguration;
			baseConfigurationReference = A37E95CEA22AC25229B8874C /* Pods-garage.release.xcconfig */;
			buildSettings = {
				ALWAYS_SEARCH_USER_PATHS = NO;
				ASSETCATALOG_COMPILER_APPICON_NAME = AppIcon;
				CODE_SIGN_STYLE = Automatic;
				DEFINES_MODULE = YES;
				FRAMEWORK_SEARCH_PATHS = (
					"$(PROJECT_DIR)/**",
					"$(PROJECT_DIR)",
					"$(inherited)",
				);
				HEADER_SEARCH_PATHS = (
					"~/Projects/JWT.framework/Headers",
					"~/Projects/JSON.framework/Headers",
				);
				INFOPLIST_FILE = garage/Info.plist;
				LD_RUNPATH_SEARCH_PATHS = "$(inherited) @executable_path/Frameworks";
				LIBRARY_SEARCH_PATHS = "";
				PRODUCT_BUNDLE_IDENTIFIER = Bloggityblogblog.garage;
				PRODUCT_NAME = "$(TARGET_NAME)";
				SWIFT_VERSION = 4.0;
				TARGETED_DEVICE_FAMILY = "1,2";
			};
			name = Release;
		};
/* End XCBuildConfiguration section */

/* Begin XCConfigurationList section */
		125B50F9203E2D640035C4EA /* Build configuration list for PBXProject "garage" */ = {
			isa = XCConfigurationList;
			buildConfigurations = (
				125B510E203E2D650035C4EA /* Debug */,
				125B510F203E2D650035C4EA /* Release */,
			);
			defaultConfigurationIsVisible = 0;
			defaultConfigurationName = Release;
		};
		125B5110203E2D650035C4EA /* Build configuration list for PBXNativeTarget "garage" */ = {
			isa = XCConfigurationList;
			buildConfigurations = (
				125B5111203E2D650035C4EA /* Debug */,
				125B5112203E2D650035C4EA /* Release */,
			);
			defaultConfigurationIsVisible = 0;
			defaultConfigurationName = Release;
		};
/* End XCConfigurationList section */
	};
	rootObject = 125B50F6203E2D640035C4EA /* Project object */;
}
